
Microsoft Visual Studio Solution File, Format Version 12.00
# Visual Studio Version 17
VisualStudioVersion = 17.3.32901.215
MinimumVisualStudioVersion = 10.0.40219.1
Project("{54A90642-561A-4BB1-A94E-469ADEE60C69}") = "Wanderlust", "Wanderlust\Wanderlust.esproj", "{FD00EBF2-C444-4D57-AA0C-894994B3E388}"
EndProject
Project("{FAE04EC0-301F-11D3-BF4B-00C04F79EFBC}") = "WanderlustAPI", "WanderlustAPI\WanderlustAPI.csproj", "{286E9526-5334-4AD6-B951-1BA3A4CE2930}"
EndProject
Global
	GlobalSection(SolutionConfigurationPlatforms) = preSolution
		Debug|Any CPU = Debug|Any CPU
		Release|Any CPU = Release|Any CPU
	EndGlobalSection
	GlobalSection(ProjectConfigurationPlatforms) = postSolution
		{FD00EBF2-C444-4D57-AA0C-894994B3E388}.Debug|Any CPU.ActiveCfg = Debug|Any CPU
		{FD00EBF2-C444-4D57-AA0C-894994B3E388}.Debug|Any CPU.Build.0 = Debug|Any CPU
		{FD00EBF2-C444-4D57-AA0C-894994B3E388}.Debug|Any CPU.Deploy.0 = Debug|Any CPU
		{FD00EBF2-C444-4D57-AA0C-894994B3E388}.Release|Any CPU.ActiveCfg = Release|Any CPU
		{FD00EBF2-C444-4D57-AA0C-894994B3E388}.Release|Any CPU.Build.0 = Release|Any CPU
		{FD00EBF2-C444-4D57-AA0C-894994B3E388}.Release|Any CPU.Deploy.0 = Release|Any CPU
		{286E9526-5334-4AD6-B951-1BA3A4CE2930}.Debug|Any CPU.ActiveCfg = Debug|Any CPU
		{286E9526-5334-4AD6-B951-1BA3A4CE2930}.Debug|Any CPU.Build.0 = Debug|Any CPU
		{286E9526-5334-4AD6-B951-1BA3A4CE2930}.Release|Any CPU.ActiveCfg = Release|Any CPU
		{286E9526-5334-4AD6-B951-1BA3A4CE2930}.Release|Any CPU.Build.0 = Release|Any CPU
	EndGlobalSection
	GlobalSection(SolutionProperties) = preSolution
		HideSolutionNode = FALSE
	EndGlobalSection
	GlobalSection(ExtensibilityGlobals) = postSolution
		SolutionGuid = {16F77027-D4B2-4A26-B296-70CAC5CA5DBC}
	EndGlobalSection
EndGlobal
